
Microsoft Visual Studio Solution File, Format Version 12.00
Project("{FAE04EC0-301F-11D3-BF4B-00C04F79EFBC}") = "Market.DAL", "Market.DAL\Market.DAL.csproj", "{64ACC9C8-0914-4D85-AA16-54357246E525}"
EndProject
Project("{FAE04EC0-301F-11D3-BF4B-00C04F79EFBC}") = "Market.Delivery.Service", "Market.Delivery.Service\Market.Delivery.Service.csproj", "{C0BC615C-80D0-4821-96A4-56E753EE7A6F}"
EndProject
Project("{FAE04EC0-301F-11D3-BF4B-00C04F79EFBC}") = "Market.OrderService.Api", "Market.OrderService.Api\Market.OrderService.Api.csproj", "{173F17BE-D61A-4574-BCE1-3BF99A6C8F72}"
EndProject
Project("{FAE04EC0-301F-11D3-BF4B-00C04F79EFBC}") = "Market.Payment.Service", "Market.Payment.Service\Market.Payment.Service.csproj", "{ACED99E7-7656-47CF-8653-25D9AE55E02F}"
EndProject
Project("{FAE04EC0-301F-11D3-BF4B-00C04F79EFBC}") = "Market.Storage.Service", "Market.Storage.Service\Market.Storage.Service.csproj", "{118E5E60-3E3A-4B1E-80FD-C1CF13646253}"
EndProject
Project("{FAE04EC0-301F-11D3-BF4B-00C04F79EFBC}") = "Marketplace.Api", "Marketplace.Api\Marketplace.Api.csproj", "{4571F599-C4D1-41AA-AD75-23043ECAD5C5}"
EndProject
Project("{FAE04EC0-301F-11D3-BF4B-00C04F79EFBC}") = "Market.Mq", "Market.Mq\Market.Mq.csproj", "{D05AE94D-CDCD-4D31-A9BB-10EBD41A72AE}"
EndProject
Global
	GlobalSection(SolutionConfigurationPlatforms) = preSolution
		Debug|Any CPU = Debug|Any CPU
		Release|Any CPU = Release|Any CPU
	EndGlobalSection
	GlobalSection(ProjectConfigurationPlatforms) = postSolution
		{64ACC9C8-0914-4D85-AA16-54357246E525}.Debug|Any CPU.ActiveCfg = Debug|Any CPU
		{64ACC9C8-0914-4D85-AA16-54357246E525}.Debug|Any CPU.Build.0 = Debug|Any CPU
		{64ACC9C8-0914-4D85-AA16-54357246E525}.Release|Any CPU.ActiveCfg = Release|Any CPU
		{64ACC9C8-0914-4D85-AA16-54357246E525}.Release|Any CPU.Build.0 = Release|Any CPU
		{C0BC615C-80D0-4821-96A4-56E753EE7A6F}.Debug|Any CPU.ActiveCfg = Debug|Any CPU
		{C0BC615C-80D0-4821-96A4-56E753EE7A6F}.Debug|Any CPU.Build.0 = Debug|Any CPU
		{C0BC615C-80D0-4821-96A4-56E753EE7A6F}.Release|Any CPU.ActiveCfg = Release|Any CPU
		{C0BC615C-80D0-4821-96A4-56E753EE7A6F}.Release|Any CPU.Build.0 = Release|Any CPU
		{173F17BE-D61A-4574-BCE1-3BF99A6C8F72}.Debug|Any CPU.ActiveCfg = Debug|Any CPU
		{173F17BE-D61A-4574-BCE1-3BF99A6C8F72}.Debug|Any CPU.Build.0 = Debug|Any CPU
		{173F17BE-D61A-4574-BCE1-3BF99A6C8F72}.Release|Any CPU.ActiveCfg = Release|Any CPU
		{173F17BE-D61A-4574-BCE1-3BF99A6C8F72}.Release|Any CPU.Build.0 = Release|Any CPU
		{ACED99E7-7656-47CF-8653-25D9AE55E02F}.Debug|Any CPU.ActiveCfg = Debug|Any CPU
		{ACED99E7-7656-47CF-8653-25D9AE55E02F}.Debug|Any CPU.Build.0 = Debug|Any CPU
		{ACED99E7-7656-47CF-8653-25D9AE55E02F}.Release|Any CPU.ActiveCfg = Release|Any CPU
		{ACED99E7-7656-47CF-8653-25D9AE55E02F}.Release|Any CPU.Build.0 = Release|Any CPU
		{118E5E60-3E3A-4B1E-80FD-C1CF13646253}.Debug|Any CPU.ActiveCfg = Debug|Any CPU
		{118E5E60-3E3A-4B1E-80FD-C1CF13646253}.Debug|Any CPU.Build.0 = Debug|Any CPU
		{118E5E60-3E3A-4B1E-80FD-C1CF13646253}.Release|Any CPU.ActiveCfg = Release|Any CPU
		{118E5E60-3E3A-4B1E-80FD-C1CF13646253}.Release|Any CPU.Build.0 = Release|Any CPU
		{4571F599-C4D1-41AA-AD75-23043ECAD5C5}.Debug|Any CPU.ActiveCfg = Debug|Any CPU
		{4571F599-C4D1-41AA-AD75-23043ECAD5C5}.Debug|Any CPU.Build.0 = Debug|Any CPU
		{4571F599-C4D1-41AA-AD75-23043ECAD5C5}.Release|Any CPU.ActiveCfg = Release|Any CPU
		{4571F599-C4D1-41AA-AD75-23043ECAD5C5}.Release|Any CPU.Build.0 = Release|Any CPU
		{D05AE94D-CDCD-4D31-A9BB-10EBD41A72AE}.Debug|Any CPU.ActiveCfg = Debug|Any CPU
		{D05AE94D-CDCD-4D31-A9BB-10EBD41A72AE}.Debug|Any CPU.Build.0 = Debug|Any CPU
		{D05AE94D-CDCD-4D31-A9BB-10EBD41A72AE}.Release|Any CPU.ActiveCfg = Release|Any CPU
		{D05AE94D-CDCD-4D31-A9BB-10EBD41A72AE}.Release|Any CPU.Build.0 = Release|Any CPU
	EndGlobalSection
EndGlobal
